
Microsoft Visual Studio Solution File, Format Version 11.00
# Visual Studio 2010
Project("{FAE04EC0-301F-11D3-BF4B-00C04F79EFBC}") = "Assembly-CSharp", "Assembly-CSharp.csproj", "{2B8BE225-A5BF-F385-A07E-1A8123423D18}"
EndProject
Project("{FAE04EC0-301F-11D3-BF4B-00C04F79EFBC}") = "Assembly-CSharp-Editor", "Assembly-CSharp-Editor.csproj", "{D90C37E3-D514-E409-BB75-7536FD604E99}"
EndProject
Global
	GlobalSection(SolutionConfigurationPlatforms) = preSolution
		Debug|Any CPU = Debug|Any CPU
		Release|Any CPU = Release|Any CPU
	EndGlobalSection
	GlobalSection(ProjectConfigurationPlatforms) = postSolution
		{2B8BE225-A5BF-F385-A07E-1A8123423D18}.Debug|Any CPU.ActiveCfg = Debug|Any CPU
		{2B8BE225-A5BF-F385-A07E-1A8123423D18}.Debug|Any CPU.Build.0 = Debug|Any CPU
		{2B8BE225-A5BF-F385-A07E-1A8123423D18}.Release|Any CPU.ActiveCfg = Release|Any CPU
		{2B8BE225-A5BF-F385-A07E-1A8123423D18}.Release|Any CPU.Build.0 = Release|Any CPU
		{D90C37E3-D514-E409-BB75-7536FD604E99}.Debug|Any CPU.ActiveCfg = Debug|Any CPU
		{D90C37E3-D514-E409-BB75-7536FD604E99}.Debug|Any CPU.Build.0 = Debug|Any CPU
		{D90C37E3-D514-E409-BB75-7536FD604E99}.Release|Any CPU.ActiveCfg = Release|Any CPU
		{D90C37E3-D514-E409-BB75-7536FD604E99}.Release|Any CPU.Build.0 = Release|Any CPU
	EndGlobalSection
	GlobalSection(SolutionProperties) = preSolution
		HideSolutionNode = FALSE
	EndGlobalSection
	GlobalSection(MonoDevelopProperties) = preSolution
		StartupItem = Assembly-CSharp.csproj
	EndGlobalSection
EndGlobal
